
Microsoft Visual Studio Solution File, Format Version 12.00
# Visual Studio Version 17
VisualStudioVersion = 17.5.33516.290
MinimumVisualStudioVersion = 10.0.40219.1
Project("{FAE04EC0-301F-11D3-BF4B-00C04F79EFBC}") = "Bank", "Bank\Bank.csproj", "{CD9F4398-406E-454B-BF81-527F20704FCB}"
EndProject
Global
	GlobalSection(SolutionConfigurationPlatforms) = preSolution
		Debug|Any CPU = Debug|Any CPU
		Release|Any CPU = Release|Any CPU
	EndGlobalSection
	GlobalSection(ProjectConfigurationPlatforms) = postSolution
		{CD9F4398-406E-454B-BF81-527F20704FCB}.Debug|Any CPU.ActiveCfg = Debug|Any CPU
		{CD9F4398-406E-454B-BF81-527F20704FCB}.Debug|Any CPU.Build.0 = Debug|Any CPU
		{CD9F4398-406E-454B-BF81-527F20704FCB}.Release|Any CPU.ActiveCfg = Release|Any CPU
		{CD9F4398-406E-454B-BF81-527F20704FCB}.Release|Any CPU.Build.0 = Release|Any CPU
	EndGlobalSection
	GlobalSection(SolutionProperties) = preSolution
		HideSolutionNode = FALSE
	EndGlobalSection
	GlobalSection(ExtensibilityGlobals) = postSolution
		SolutionGuid = {BAC18F5B-5840-45B7-B7DB-D24567F52F93}
	EndGlobalSection
EndGlobal
